
Microsoft Visual Studio Solution File, Format Version 12.00
# Visual Studio Version 16
VisualStudioVersion = 16.0.30907.101
MinimumVisualStudioVersion = 10.0.40219.1
Project("{FAE04EC0-301F-11D3-BF4B-00C04F79EFBC}") = "Business", "Business\Business.csproj", "{828E24C3-E971-4E2D-9153-C1DD977B8DD2}"
EndProject
Project("{FAE04EC0-301F-11D3-BF4B-00C04F79EFBC}") = "Core", "Core\Core.csproj", "{7348B937-B8D0-487D-B6E0-695FF16333D9}"
EndProject
Project("{FAE04EC0-301F-11D3-BF4B-00C04F79EFBC}") = "DataAccess", "DataAccess\DataAccess.csproj", "{596F9B25-C2CF-46E1-BA3F-22AF7858FE73}"
EndProject
Project("{FAE04EC0-301F-11D3-BF4B-00C04F79EFBC}") = "Entities", "Entities\Entities.csproj", "{90939DFC-6989-4248-B640-840F98FB3686}"
EndProject
Project("{FAE04EC0-301F-11D3-BF4B-00C04F79EFBC}") = "ConsoleLogin", "ConsoleLogin\ConsoleLogin.csproj", "{0FBA3127-DD25-4AFA-9B45-470F7E28C720}"
EndProject
Global
	GlobalSection(SolutionConfigurationPlatforms) = preSolution
		Debug|Any CPU = Debug|Any CPU
		Release|Any CPU = Release|Any CPU
	EndGlobalSection
	GlobalSection(ProjectConfigurationPlatforms) = postSolution
		{828E24C3-E971-4E2D-9153-C1DD977B8DD2}.Debug|Any CPU.ActiveCfg = Debug|Any CPU
		{828E24C3-E971-4E2D-9153-C1DD977B8DD2}.Debug|Any CPU.Build.0 = Debug|Any CPU
		{828E24C3-E971-4E2D-9153-C1DD977B8DD2}.Release|Any CPU.ActiveCfg = Release|Any CPU
		{828E24C3-E971-4E2D-9153-C1DD977B8DD2}.Release|Any CPU.Build.0 = Release|Any CPU
		{7348B937-B8D0-487D-B6E0-695FF16333D9}.Debug|Any CPU.ActiveCfg = Debug|Any CPU
		{7348B937-B8D0-487D-B6E0-695FF16333D9}.Debug|Any CPU.Build.0 = Debug|Any CPU
		{7348B937-B8D0-487D-B6E0-695FF16333D9}.Release|Any CPU.ActiveCfg = Release|Any CPU
		{7348B937-B8D0-487D-B6E0-695FF16333D9}.Release|Any CPU.Build.0 = Release|Any CPU
		{596F9B25-C2CF-46E1-BA3F-22AF7858FE73}.Debug|Any CPU.ActiveCfg = Debug|Any CPU
		{596F9B25-C2CF-46E1-BA3F-22AF7858FE73}.Debug|Any CPU.Build.0 = Debug|Any CPU
		{596F9B25-C2CF-46E1-BA3F-22AF7858FE73}.Release|Any CPU.ActiveCfg = Release|Any CPU
		{596F9B25-C2CF-46E1-BA3F-22AF7858FE73}.Release|Any CPU.Build.0 = Release|Any CPU
		{90939DFC-6989-4248-B640-840F98FB3686}.Debug|Any CPU.ActiveCfg = Debug|Any CPU
		{90939DFC-6989-4248-B640-840F98FB3686}.Debug|Any CPU.Build.0 = Debug|Any CPU
		{90939DFC-6989-4248-B640-840F98FB3686}.Release|Any CPU.ActiveCfg = Release|Any CPU
		{90939DFC-6989-4248-B640-840F98FB3686}.Release|Any CPU.Build.0 = Release|Any CPU
		{0FBA3127-DD25-4AFA-9B45-470F7E28C720}.Debug|Any CPU.ActiveCfg = Debug|Any CPU
		{0FBA3127-DD25-4AFA-9B45-470F7E28C720}.Debug|Any CPU.Build.0 = Debug|Any CPU
		{0FBA3127-DD25-4AFA-9B45-470F7E28C720}.Release|Any CPU.ActiveCfg = Release|Any CPU
		{0FBA3127-DD25-4AFA-9B45-470F7E28C720}.Release|Any CPU.Build.0 = Release|Any CPU
	EndGlobalSection
	GlobalSection(SolutionProperties) = preSolution
		HideSolutionNode = FALSE
	EndGlobalSection
	GlobalSection(ExtensibilityGlobals) = postSolution
		SolutionGuid = {B82EBB56-EFD3-4D76-B087-28418F9E7C46}
	EndGlobalSection
EndGlobal
